
Microsoft Visual Studio Solution File, Format Version 12.00
# Visual Studio Version 16
VisualStudioVersion = 16.0.31911.196
MinimumVisualStudioVersion = 10.0.40219.1
Project("{FAE04EC0-301F-11D3-BF4B-00C04F79EFBC}") = "7.3", "7.3\7.3.csproj", "{97DB7D18-7125-4DD3-A6BE-A70AAF7BE5D4}"
EndProject
Global
	GlobalSection(SolutionConfigurationPlatforms) = preSolution
		Debug|Any CPU = Debug|Any CPU
		Release|Any CPU = Release|Any CPU
	EndGlobalSection
	GlobalSection(ProjectConfigurationPlatforms) = postSolution
		{97DB7D18-7125-4DD3-A6BE-A70AAF7BE5D4}.Debug|Any CPU.ActiveCfg = Debug|Any CPU
		{97DB7D18-7125-4DD3-A6BE-A70AAF7BE5D4}.Debug|Any CPU.Build.0 = Debug|Any CPU
		{97DB7D18-7125-4DD3-A6BE-A70AAF7BE5D4}.Release|Any CPU.ActiveCfg = Release|Any CPU
		{97DB7D18-7125-4DD3-A6BE-A70AAF7BE5D4}.Release|Any CPU.Build.0 = Release|Any CPU
	EndGlobalSection
	GlobalSection(SolutionProperties) = preSolution
		HideSolutionNode = FALSE
	EndGlobalSection
	GlobalSection(ExtensibilityGlobals) = postSolution
		SolutionGuid = {A76661A9-5A10-48ED-9095-3C1AD968A61E}
	EndGlobalSection
EndGlobal
